
Microsoft Visual Studio Solution File, Format Version 12.00
# Visual Studio Version 17
VisualStudioVersion = 17.14.36127.28
MinimumVisualStudioVersion = 10.0.40219.1
Project("{2150E333-8FDC-42A3-9474-1A3956D46DE8}") = "API", "API", "{02EA681E-C7D8-13C7-8484-4AC65E1B71E8}"
EndProject
Project("{FAE04EC0-301F-11D3-BF4B-00C04F79EFBC}") = "SGHR.API", "SGHR.API\SGHR.API.csproj", "{F10DEEC5-839F-4ECE-BD91-93342DDB01B2}"
EndProject
Project("{2150E333-8FDC-42A3-9474-1A3956D46DE8}") = "Core", "Core", "{266CD1EC-F64E-4247-A2FD-B146C130E57D}"
EndProject
Project("{FAE04EC0-301F-11D3-BF4B-00C04F79EFBC}") = "SGHR.Domain", "SGRH.Domain\SGHR.Domain.csproj", "{9902A70C-B179-4A2E-903D-F4C7AC665019}"
EndProject
Project("{FAE04EC0-301F-11D3-BF4B-00C04F79EFBC}") = "SGHR.Application", "SGRH.Application\SGHR.Application.csproj", "{F0426341-C68A-49F6-B0B2-0C043FC010F4}"
EndProject
Project("{2150E333-8FDC-42A3-9474-1A3956D46DE8}") = "Presentacion", "Presentacion", "{9B99722A-9D04-4A50-A7E1-4BA6A0499F5C}"
EndProject
Project("{FAE04EC0-301F-11D3-BF4B-00C04F79EFBC}") = "SGHR", "SGRH\SGHR.csproj", "{079885BC-254A-41BF-A935-943B8678D1A9}"
EndProject
Project("{2150E333-8FDC-42A3-9474-1A3956D46DE8}") = "Infraestructure", "Infraestructure", "{58105C46-5A65-4B42-9DDA-51C9F20BB354}"
EndProject
Project("{FAE04EC0-301F-11D3-BF4B-00C04F79EFBC}") = "SGHR.Persistence", "SGHR.Persistence\SGHR.Persistence.csproj", "{C4C244B0-3F92-4939-A4D1-447D645F1404}"
EndProject
Project("{FAE04EC0-301F-11D3-BF4B-00C04F79EFBC}") = "SGHR.Infraestructure", "SGHR.Infraestructure\SGHR.Infraestructure.csproj", "{F69F574C-7C4F-46C7-9EE3-FAE778018AB5}"
EndProject
Project("{2150E333-8FDC-42A3-9474-1A3956D46DE8}") = "Test", "Test", "{23EFEEF1-7D5E-49F1-A86D-BBE90E340363}"
EndProject
Project("{FAE04EC0-301F-11D3-BF4B-00C04F79EFBC}") = "SGHR.Persistence.Test", "SGHR.Persistence.Test\SGHR.Persistence.Test.csproj", "{A2CF6D3B-592B-4510-9FA6-385E2C449CFF}"
EndProject
Project("{FAE04EC0-301F-11D3-BF4B-00C04F79EFBC}") = "SGHR.Application.Test", "SGHR.Application.Test\SGHR.Application.Test.csproj", "{ECE6B011-F132-4BAC-8C3A-0BFEE790FC32}"
EndProject
Project("{FAE04EC0-301F-11D3-BF4B-00C04F79EFBC}") = "SGHR.Api.Test", "SGHR.Api.Test\SGHR.Api.Test.csproj", "{C5F475D5-2767-45A0-BAB7-550C2B18CC44}"
EndProject
Project("{2150E333-8FDC-42A3-9474-1A3956D46DE8}") = "Ioc", "Ioc", "{293BB981-0C65-4F2D-A89D-B5599537CEC8}"
EndProject
Project("{FAE04EC0-301F-11D3-BF4B-00C04F79EFBC}") = "SGHR.Ioc", "SGHR.Ioc\SGHR.Ioc.csproj", "{7543FE8A-C0A4-4CDE-BAEE-60B884BC32DE}"
EndProject
Global
	GlobalSection(SolutionConfigurationPlatforms) = preSolution
		Debug|Any CPU = Debug|Any CPU
		Release|Any CPU = Release|Any CPU
	EndGlobalSection
	GlobalSection(ProjectConfigurationPlatforms) = postSolution
		{F10DEEC5-839F-4ECE-BD91-93342DDB01B2}.Debug|Any CPU.ActiveCfg = Debug|Any CPU
		{F10DEEC5-839F-4ECE-BD91-93342DDB01B2}.Debug|Any CPU.Build.0 = Debug|Any CPU
		{F10DEEC5-839F-4ECE-BD91-93342DDB01B2}.Release|Any CPU.ActiveCfg = Release|Any CPU
		{F10DEEC5-839F-4ECE-BD91-93342DDB01B2}.Release|Any CPU.Build.0 = Release|Any CPU
		{9902A70C-B179-4A2E-903D-F4C7AC665019}.Debug|Any CPU.ActiveCfg = Debug|Any CPU
		{9902A70C-B179-4A2E-903D-F4C7AC665019}.Debug|Any CPU.Build.0 = Debug|Any CPU
		{9902A70C-B179-4A2E-903D-F4C7AC665019}.Release|Any CPU.ActiveCfg = Release|Any CPU
		{9902A70C-B179-4A2E-903D-F4C7AC665019}.Release|Any CPU.Build.0 = Release|Any CPU
		{F0426341-C68A-49F6-B0B2-0C043FC010F4}.Debug|Any CPU.ActiveCfg = Debug|Any CPU
		{F0426341-C68A-49F6-B0B2-0C043FC010F4}.Debug|Any CPU.Build.0 = Debug|Any CPU
		{F0426341-C68A-49F6-B0B2-0C043FC010F4}.Release|Any CPU.ActiveCfg = Release|Any CPU
		{F0426341-C68A-49F6-B0B2-0C043FC010F4}.Release|Any CPU.Build.0 = Release|Any CPU
		{079885BC-254A-41BF-A935-943B8678D1A9}.Debug|Any CPU.ActiveCfg = Debug|Any CPU
		{079885BC-254A-41BF-A935-943B8678D1A9}.Debug|Any CPU.Build.0 = Debug|Any CPU
		{079885BC-254A-41BF-A935-943B8678D1A9}.Release|Any CPU.ActiveCfg = Release|Any CPU
		{079885BC-254A-41BF-A935-943B8678D1A9}.Release|Any CPU.Build.0 = Release|Any CPU
		{C4C244B0-3F92-4939-A4D1-447D645F1404}.Debug|Any CPU.ActiveCfg = Debug|Any CPU
		{C4C244B0-3F92-4939-A4D1-447D645F1404}.Debug|Any CPU.Build.0 = Debug|Any CPU
		{C4C244B0-3F92-4939-A4D1-447D645F1404}.Release|Any CPU.ActiveCfg = Release|Any CPU
		{C4C244B0-3F92-4939-A4D1-447D645F1404}.Release|Any CPU.Build.0 = Release|Any CPU
		{F69F574C-7C4F-46C7-9EE3-FAE778018AB5}.Debug|Any CPU.ActiveCfg = Debug|Any CPU
		{F69F574C-7C4F-46C7-9EE3-FAE778018AB5}.Debug|Any CPU.Build.0 = Debug|Any CPU
		{F69F574C-7C4F-46C7-9EE3-FAE778018AB5}.Release|Any CPU.ActiveCfg = Release|Any CPU
		{F69F574C-7C4F-46C7-9EE3-FAE778018AB5}.Release|Any CPU.Build.0 = Release|Any CPU
		{A2CF6D3B-592B-4510-9FA6-385E2C449CFF}.Debug|Any CPU.ActiveCfg = Debug|Any CPU
		{A2CF6D3B-592B-4510-9FA6-385E2C449CFF}.Debug|Any CPU.Build.0 = Debug|Any CPU
		{A2CF6D3B-592B-4510-9FA6-385E2C449CFF}.Release|Any CPU.ActiveCfg = Release|Any CPU
		{A2CF6D3B-592B-4510-9FA6-385E2C449CFF}.Release|Any CPU.Build.0 = Release|Any CPU
		{ECE6B011-F132-4BAC-8C3A-0BFEE790FC32}.Debug|Any CPU.ActiveCfg = Debug|Any CPU
		{ECE6B011-F132-4BAC-8C3A-0BFEE790FC32}.Debug|Any CPU.Build.0 = Debug|Any CPU
		{ECE6B011-F132-4BAC-8C3A-0BFEE790FC32}.Release|Any CPU.ActiveCfg = Release|Any CPU
		{ECE6B011-F132-4BAC-8C3A-0BFEE790FC32}.Release|Any CPU.Build.0 = Release|Any CPU
		{C5F475D5-2767-45A0-BAB7-550C2B18CC44}.Debug|Any CPU.ActiveCfg = Debug|Any CPU
		{C5F475D5-2767-45A0-BAB7-550C2B18CC44}.Debug|Any CPU.Build.0 = Debug|Any CPU
		{C5F475D5-2767-45A0-BAB7-550C2B18CC44}.Release|Any CPU.ActiveCfg = Release|Any CPU
		{C5F475D5-2767-45A0-BAB7-550C2B18CC44}.Release|Any CPU.Build.0 = Release|Any CPU
		{7543FE8A-C0A4-4CDE-BAEE-60B884BC32DE}.Debug|Any CPU.ActiveCfg = Debug|Any CPU
		{7543FE8A-C0A4-4CDE-BAEE-60B884BC32DE}.Debug|Any CPU.Build.0 = Debug|Any CPU
		{7543FE8A-C0A4-4CDE-BAEE-60B884BC32DE}.Release|Any CPU.ActiveCfg = Release|Any CPU
		{7543FE8A-C0A4-4CDE-BAEE-60B884BC32DE}.Release|Any CPU.Build.0 = Release|Any CPU
	EndGlobalSection
	GlobalSection(SolutionProperties) = preSolution
		HideSolutionNode = FALSE
	EndGlobalSection
	GlobalSection(NestedProjects) = preSolution
		{F10DEEC5-839F-4ECE-BD91-93342DDB01B2} = {02EA681E-C7D8-13C7-8484-4AC65E1B71E8}
		{266CD1EC-F64E-4247-A2FD-B146C130E57D} = {02EA681E-C7D8-13C7-8484-4AC65E1B71E8}
		{9902A70C-B179-4A2E-903D-F4C7AC665019} = {266CD1EC-F64E-4247-A2FD-B146C130E57D}
		{F0426341-C68A-49F6-B0B2-0C043FC010F4} = {266CD1EC-F64E-4247-A2FD-B146C130E57D}
		{079885BC-254A-41BF-A935-943B8678D1A9} = {9B99722A-9D04-4A50-A7E1-4BA6A0499F5C}
		{C4C244B0-3F92-4939-A4D1-447D645F1404} = {58105C46-5A65-4B42-9DDA-51C9F20BB354}
		{F69F574C-7C4F-46C7-9EE3-FAE778018AB5} = {58105C46-5A65-4B42-9DDA-51C9F20BB354}
		{A2CF6D3B-592B-4510-9FA6-385E2C449CFF} = {23EFEEF1-7D5E-49F1-A86D-BBE90E340363}
		{ECE6B011-F132-4BAC-8C3A-0BFEE790FC32} = {23EFEEF1-7D5E-49F1-A86D-BBE90E340363}
		{C5F475D5-2767-45A0-BAB7-550C2B18CC44} = {23EFEEF1-7D5E-49F1-A86D-BBE90E340363}
		{7543FE8A-C0A4-4CDE-BAEE-60B884BC32DE} = {293BB981-0C65-4F2D-A89D-B5599537CEC8}
	EndGlobalSection
	GlobalSection(ExtensibilityGlobals) = postSolution
		SolutionGuid = {C451AD10-EE7F-4B21-90FA-8F1B18B4F5F2}
	EndGlobalSection
EndGlobal
